// !$*UTF8*$!
{
	archiveVersion = 1;
	classes = {
	};
	objectVersion = 56;
	objects = {

/* Begin PBXBuildFile section */
		988331032C202F1B00DDB054 /* WidgetKit.framework in Frameworks */ = {isa = PBXBuildFile; fileRef = 988331022C202F1B00DDB054 /* WidgetKit.framework */; };
		988331052C202F1B00DDB054 /* SwiftUI.framework in Frameworks */ = {isa = PBXBuildFile; fileRef = 988331042C202F1B00DDB054 /* SwiftUI.framework */; };
		9883310C2C202F1C00DDB054 /* Assets.xcassets in Resources */ = {isa = PBXBuildFile; fileRef = 9883310B2C202F1C00DDB054 /* Assets.xcassets */; };
		988331102C202F1C00DDB054 /* Pedometer Watch ComplicationsExtension.appex in Embed Foundation Extensions */ = {isa = PBXBuildFile; fileRef = 988331002C202F1B00DDB054 /* Pedometer Watch ComplicationsExtension.appex */; settings = {ATTRIBUTES = (RemoveHeadersOnCopy, ); }; };
		9883313F2C204AB800DDB054 /* HealthKitManager.swift in Sources */ = {isa = PBXBuildFile; fileRef = 9883313E2C204AB800DDB054 /* HealthKitManager.swift */; };
		988331402C204AB800DDB054 /* HealthKitManager.swift in Sources */ = {isa = PBXBuildFile; fileRef = 9883313E2C204AB800DDB054 /* HealthKitManager.swift */; };
		988331412C204AB800DDB054 /* HealthKitManager.swift in Sources */ = {isa = PBXBuildFile; fileRef = 9883313E2C204AB800DDB054 /* HealthKitManager.swift */; };
		988331472C204EC600DDB054 /* DataDisplayView.swift in Sources */ = {isa = PBXBuildFile; fileRef = 988331462C204EC600DDB054 /* DataDisplayView.swift */; };
		988331492C20526F00DDB054 /* PedometerWidgets.swift in Sources */ = {isa = PBXBuildFile; fileRef = 988331482C20526F00DDB054 /* PedometerWidgets.swift */; };
		9883314D2C20546A00DDB054 /* PedometerWidgetProviders.swift in Sources */ = {isa = PBXBuildFile; fileRef = 9883314C2C20546A00DDB054 /* PedometerWidgetProviders.swift */; };
		98BCAA332C1CB16800919BA5 /* PedometerApp.swift in Sources */ = {isa = PBXBuildFile; fileRef = 98BCAA322C1CB16800919BA5 /* PedometerApp.swift */; };
		98BCAA352C1CB16800919BA5 /* ContentView.swift in Sources */ = {isa = PBXBuildFile; fileRef = 98BCAA342C1CB16800919BA5 /* ContentView.swift */; };
		98BCAA372C1CB16900919BA5 /* Assets.xcassets in Resources */ = {isa = PBXBuildFile; fileRef = 98BCAA362C1CB16900919BA5 /* Assets.xcassets */; };
		98BCAA3A2C1CB16900919BA5 /* Preview Assets.xcassets in Resources */ = {isa = PBXBuildFile; fileRef = 98BCAA392C1CB16900919BA5 /* Preview Assets.xcassets */; };
		98BCAA402C1CB16900919BA5 /* Pedometer Watch App.app in Embed Watch Content */ = {isa = PBXBuildFile; fileRef = 98BCAA3F2C1CB16900919BA5 /* Pedometer Watch App.app */; settings = {ATTRIBUTES = (RemoveHeadersOnCopy, ); }; };
		98BCAA452C1CB16900919BA5 /* PedometerApp.swift in Sources */ = {isa = PBXBuildFile; fileRef = 98BCAA442C1CB16900919BA5 /* PedometerApp.swift */; };
		98BCAA472C1CB16900919BA5 /* ContentView.swift in Sources */ = {isa = PBXBuildFile; fileRef = 98BCAA462C1CB16900919BA5 /* ContentView.swift */; };
		98BCAA492C1CB16A00919BA5 /* Assets.xcassets in Resources */ = {isa = PBXBuildFile; fileRef = 98BCAA482C1CB16A00919BA5 /* Assets.xcassets */; };
		98BCAA4C2C1CB16A00919BA5 /* Preview Assets.xcassets in Resources */ = {isa = PBXBuildFile; fileRef = 98BCAA4B2C1CB16A00919BA5 /* Preview Assets.xcassets */; };
/* End PBXBuildFile section */

/* Begin PBXContainerItemProxy section */
		9883310E2C202F1C00DDB054 /* PBXContainerItemProxy */ = {
			isa = PBXContainerItemProxy;
			containerPortal = 98BCAA272C1CB16800919BA5 /* Project object */;
			proxyType = 1;
			remoteGlobalIDString = 988330FF2C202F1B00DDB054;
			remoteInfo = "Pedometer Watch ComplicationsExtension";
		};
		98BCAA412C1CB16900919BA5 /* PBXContainerItemProxy */ = {
			isa = PBXContainerItemProxy;
			containerPortal = 98BCAA272C1CB16800919BA5 /* Project object */;
			proxyType = 1;
			remoteGlobalIDString = 98BCAA3E2C1CB16900919BA5;
			remoteInfo = "Pedometer Watch App";
		};
/* End PBXContainerItemProxy section */

/* Begin PBXCopyFilesBuildPhase section */
		988331112C202F1C00DDB054 /* Embed Foundation Extensions */ = {
			isa = PBXCopyFilesBuildPhase;
			buildActionMask = 2147483647;
			dstPath = "";
			dstSubfolderSpec = 13;
			files = (
				988331102C202F1C00DDB054 /* Pedometer Watch ComplicationsExtension.appex in Embed Foundation Extensions */,
			);
			name = "Embed Foundation Extensions";
			runOnlyForDeploymentPostprocessing = 0;
		};
		98BCAA522C1CB16A00919BA5 /* Embed Watch Content */ = {
			isa = PBXCopyFilesBuildPhase;
			buildActionMask = 2147483647;
			dstPath = "$(CONTENTS_FOLDER_PATH)/Watch";
			dstSubfolderSpec = 16;
			files = (
				98BCAA402C1CB16900919BA5 /* Pedometer Watch App.app in Embed Watch Content */,
			);
			name = "Embed Watch Content";
			runOnlyForDeploymentPostprocessing = 0;
		};
/* End PBXCopyFilesBuildPhase section */

/* Begin PBXFileReference section */
		988331002C202F1B00DDB054 /* Pedometer Watch ComplicationsExtension.appex */ = {isa = PBXFileReference; explicitFileType = "wrapper.app-extension"; includeInIndex = 0; path = "Pedometer Watch ComplicationsExtension.appex"; sourceTree = BUILT_PRODUCTS_DIR; };
		988331022C202F1B00DDB054 /* WidgetKit.framework */ = {isa = PBXFileReference; lastKnownFileType = wrapper.framework; name = WidgetKit.framework; path = System/Library/Frameworks/WidgetKit.framework; sourceTree = SDKROOT; };
		988331042C202F1B00DDB054 /* SwiftUI.framework */ = {isa = PBXFileReference; lastKnownFileType = wrapper.framework; name = SwiftUI.framework; path = System/Library/Frameworks/SwiftUI.framework; sourceTree = SDKROOT; };
		9883310B2C202F1C00DDB054 /* Assets.xcassets */ = {isa = PBXFileReference; lastKnownFileType = folder.assetcatalog; path = Assets.xcassets; sourceTree = "<group>"; };
		9883310D2C202F1C00DDB054 /* Info.plist */ = {isa = PBXFileReference; lastKnownFileType = text.plist.xml; path = Info.plist; sourceTree = "<group>"; };
		9883313E2C204AB800DDB054 /* HealthKitManager.swift */ = {isa = PBXFileReference; lastKnownFileType = sourcecode.swift; path = HealthKitManager.swift; sourceTree = "<group>"; };
		988331462C204EC600DDB054 /* DataDisplayView.swift */ = {isa = PBXFileReference; lastKnownFileType = sourcecode.swift; path = DataDisplayView.swift; sourceTree = "<group>"; };
		988331482C20526F00DDB054 /* PedometerWidgets.swift */ = {isa = PBXFileReference; lastKnownFileType = sourcecode.swift; path = PedometerWidgets.swift; sourceTree = "<group>"; };
		9883314C2C20546A00DDB054 /* PedometerWidgetProviders.swift */ = {isa = PBXFileReference; lastKnownFileType = sourcecode.swift; path = PedometerWidgetProviders.swift; sourceTree = "<group>"; };
		98BCAA2F2C1CB16800919BA5 /* Pedometer.app */ = {isa = PBXFileReference; explicitFileType = wrapper.application; includeInIndex = 0; path = Pedometer.app; sourceTree = BUILT_PRODUCTS_DIR; };
		98BCAA322C1CB16800919BA5 /* PedometerApp.swift */ = {isa = PBXFileReference; lastKnownFileType = sourcecode.swift; path = PedometerApp.swift; sourceTree = "<group>"; };
		98BCAA342C1CB16800919BA5 /* ContentView.swift */ = {isa = PBXFileReference; lastKnownFileType = sourcecode.swift; path = ContentView.swift; sourceTree = "<group>"; };
		98BCAA362C1CB16900919BA5 /* Assets.xcassets */ = {isa = PBXFileReference; lastKnownFileType = folder.assetcatalog; path = Assets.xcassets; sourceTree = "<group>"; };
		98BCAA392C1CB16900919BA5 /* Preview Assets.xcassets */ = {isa = PBXFileReference; lastKnownFileType = folder.assetcatalog; path = "Preview Assets.xcassets"; sourceTree = "<group>"; };
		98BCAA3F2C1CB16900919BA5 /* Pedometer Watch App.app */ = {isa = PBXFileReference; explicitFileType = wrapper.application; includeInIndex = 0; path = "Pedometer Watch App.app"; sourceTree = BUILT_PRODUCTS_DIR; };
		98BCAA442C1CB16900919BA5 /* PedometerApp.swift */ = {isa = PBXFileReference; lastKnownFileType = sourcecode.swift; path = PedometerApp.swift; sourceTree = "<group>"; };
		98BCAA462C1CB16900919BA5 /* ContentView.swift */ = {isa = PBXFileReference; lastKnownFileType = sourcecode.swift; path = ContentView.swift; sourceTree = "<group>"; };
		98BCAA482C1CB16A00919BA5 /* Assets.xcassets */ = {isa = PBXFileReference; lastKnownFileType = folder.assetcatalog; path = Assets.xcassets; sourceTree = "<group>"; };
		98BCAA4B2C1CB16A00919BA5 /* Preview Assets.xcassets */ = {isa = PBXFileReference; lastKnownFileType = folder.assetcatalog; path = "Preview Assets.xcassets"; sourceTree = "<group>"; };
		98BCAA562C1CB17B00919BA5 /* Pedometer.entitlements */ = {isa = PBXFileReference; lastKnownFileType = text.plist.entitlements; path = Pedometer.entitlements; sourceTree = "<group>"; };
		98BCAA572C1CB19D00919BA5 /* Pedometer Watch App.entitlements */ = {isa = PBXFileReference; lastKnownFileType = text.plist.entitlements; path = "Pedometer Watch App.entitlements"; sourceTree = "<group>"; };
/* End PBXFileReference section */

/* Begin PBXFrameworksBuildPhase section */
		988330FD2C202F1B00DDB054 /* Frameworks */ = {
			isa = PBXFrameworksBuildPhase;
			buildActionMask = 2147483647;
			files = (
				988331052C202F1B00DDB054 /* SwiftUI.framework in Frameworks */,
				988331032C202F1B00DDB054 /* WidgetKit.framework in Frameworks */,
			);
			runOnlyForDeploymentPostprocessing = 0;
		};
		98BCAA2C2C1CB16800919BA5 /* Frameworks */ = {
			isa = PBXFrameworksBuildPhase;
			buildActionMask = 2147483647;
			files = (
			);
			runOnlyForDeploymentPostprocessing = 0;
		};
		98BCAA3C2C1CB16900919BA5 /* Frameworks */ = {
			isa = PBXFrameworksBuildPhase;
			buildActionMask = 2147483647;
			files = (
			);
			runOnlyForDeploymentPostprocessing = 0;
		};
/* End PBXFrameworksBuildPhase section */

/* Begin PBXGroup section */
		988331012C202F1B00DDB054 /* Frameworks */ = {
			isa = PBXGroup;
			children = (
				988331022C202F1B00DDB054 /* WidgetKit.framework */,
				988331042C202F1B00DDB054 /* SwiftUI.framework */,
			);
			name = Frameworks;
			sourceTree = "<group>";
		};
		988331062C202F1B00DDB054 /* Pedometer Watch Complications */ = {
			isa = PBXGroup;
			children = (
				9883310B2C202F1C00DDB054 /* Assets.xcassets */,
				9883310D2C202F1C00DDB054 /* Info.plist */,
				988331462C204EC600DDB054 /* DataDisplayView.swift */,
				988331482C20526F00DDB054 /* PedometerWidgets.swift */,
				9883314C2C20546A00DDB054 /* PedometerWidgetProviders.swift */,
			);
			path = "Pedometer Watch Complications";
			sourceTree = "<group>";
		};
		98BCAA262C1CB16800919BA5 = {
			isa = PBXGroup;
			children = (
				9883313E2C204AB800DDB054 /* HealthKitManager.swift */,
				98BCAA312C1CB16800919BA5 /* Pedometer */,
				98BCAA432C1CB16900919BA5 /* Pedometer Watch App */,
				988331062C202F1B00DDB054 /* Pedometer Watch Complications */,
				988331012C202F1B00DDB054 /* Frameworks */,
				98BCAA302C1CB16800919BA5 /* Products */,
			);
			sourceTree = "<group>";
		};
		98BCAA302C1CB16800919BA5 /* Products */ = {
			isa = PBXGroup;
			children = (
				98BCAA2F2C1CB16800919BA5 /* Pedometer.app */,
				98BCAA3F2C1CB16900919BA5 /* Pedometer Watch App.app */,
				988331002C202F1B00DDB054 /* Pedometer Watch ComplicationsExtension.appex */,
			);
			name = Products;
			sourceTree = "<group>";
		};
		98BCAA312C1CB16800919BA5 /* Pedometer */ = {
			isa = PBXGroup;
			children = (
				98BCAA562C1CB17B00919BA5 /* Pedometer.entitlements */,
				98BCAA322C1CB16800919BA5 /* PedometerApp.swift */,
				98BCAA342C1CB16800919BA5 /* ContentView.swift */,
				98BCAA362C1CB16900919BA5 /* Assets.xcassets */,
				98BCAA382C1CB16900919BA5 /* Preview Content */,
			);
			path = Pedometer;
			sourceTree = "<group>";
		};
		98BCAA382C1CB16900919BA5 /* Preview Content */ = {
			isa = PBXGroup;
			children = (
				98BCAA392C1CB16900919BA5 /* Preview Assets.xcassets */,
			);
			path = "Preview Content";
			sourceTree = "<group>";
		};
		98BCAA432C1CB16900919BA5 /* Pedometer Watch App */ = {
			isa = PBXGroup;
			children = (
				98BCAA572C1CB19D00919BA5 /* Pedometer Watch App.entitlements */,
				98BCAA442C1CB16900919BA5 /* PedometerApp.swift */,
				98BCAA462C1CB16900919BA5 /* ContentView.swift */,
				98BCAA482C1CB16A00919BA5 /* Assets.xcassets */,
				98BCAA4A2C1CB16A00919BA5 /* Preview Content */,
			);
			path = "Pedometer Watch App";
			sourceTree = "<group>";
		};
		98BCAA4A2C1CB16A00919BA5 /* Preview Content */ = {
			isa = PBXGroup;
			children = (
				98BCAA4B2C1CB16A00919BA5 /* Preview Assets.xcassets */,
			);
			path = "Preview Content";
			sourceTree = "<group>";
		};
/* End PBXGroup section */

/* Begin PBXNativeTarget section */
		988330FF2C202F1B00DDB054 /* Pedometer Watch ComplicationsExtension */ = {
			isa = PBXNativeTarget;
			buildConfigurationList = 988331142C202F1C00DDB054 /* Build configuration list for PBXNativeTarget "Pedometer Watch ComplicationsExtension" */;
			buildPhases = (
				988330FC2C202F1B00DDB054 /* Sources */,
				988330FD2C202F1B00DDB054 /* Frameworks */,
				988330FE2C202F1B00DDB054 /* Resources */,
			);
			buildRules = (
			);
			dependencies = (
			);
			name = "Pedometer Watch ComplicationsExtension";
			productName = "Pedometer Watch ComplicationsExtension";
			productReference = 988331002C202F1B00DDB054 /* Pedometer Watch ComplicationsExtension.appex */;
			productType = "com.apple.product-type.app-extension";
		};
		98BCAA2E2C1CB16800919BA5 /* Pedometer */ = {
			isa = PBXNativeTarget;
			buildConfigurationList = 98BCAA532C1CB16A00919BA5 /* Build configuration list for PBXNativeTarget "Pedometer" */;
			buildPhases = (
				98BCAA2B2C1CB16800919BA5 /* Sources */,
				98BCAA2C2C1CB16800919BA5 /* Frameworks */,
				98BCAA2D2C1CB16800919BA5 /* Resources */,
				98BCAA522C1CB16A00919BA5 /* Embed Watch Content */,
			);
			buildRules = (
			);
			dependencies = (
				98BCAA422C1CB16900919BA5 /* PBXTargetDependency */,
			);
			name = Pedometer;
			productName = Pedometer;
			productReference = 98BCAA2F2C1CB16800919BA5 /* Pedometer.app */;
			productType = "com.apple.product-type.application";
		};
		98BCAA3E2C1CB16900919BA5 /* Pedometer Watch App */ = {
			isa = PBXNativeTarget;
			buildConfigurationList = 98BCAA4F2C1CB16A00919BA5 /* Build configuration list for PBXNativeTarget "Pedometer Watch App" */;
			buildPhases = (
				98BCAA3B2C1CB16900919BA5 /* Sources */,
				98BCAA3C2C1CB16900919BA5 /* Frameworks */,
				98BCAA3D2C1CB16900919BA5 /* Resources */,
				988331112C202F1C00DDB054 /* Embed Foundation Extensions */,
			);
			buildRules = (
			);
			dependencies = (
				9883310F2C202F1C00DDB054 /* PBXTargetDependency */,
			);
			name = "Pedometer Watch App";
			productName = "Pedometer Watch App";
			productReference = 98BCAA3F2C1CB16900919BA5 /* Pedometer Watch App.app */;
			productType = "com.apple.product-type.application";
		};
/* End PBXNativeTarget section */

/* Begin PBXProject section */
		98BCAA272C1CB16800919BA5 /* Project object */ = {
			isa = PBXProject;
			attributes = {
				BuildIndependentTargetsInParallel = 1;
				LastSwiftUpdateCheck = 1540;
				LastUpgradeCheck = 1540;
				TargetAttributes = {
					988330FF2C202F1B00DDB054 = {
						CreatedOnToolsVersion = 15.4;
						LastSwiftMigration = 1540;
					};
					98BCAA2E2C1CB16800919BA5 = {
						CreatedOnToolsVersion = 15.4;
					};
					98BCAA3E2C1CB16900919BA5 = {
						CreatedOnToolsVersion = 15.4;
					};
				};
			};
			buildConfigurationList = 98BCAA2A2C1CB16800919BA5 /* Build configuration list for PBXProject "Pedometer" */;
			compatibilityVersion = "Xcode 14.0";
			developmentRegion = en;
			hasScannedForEncodings = 0;
			knownRegions = (
				en,
				Base,
			);
			mainGroup = 98BCAA262C1CB16800919BA5;
			productRefGroup = 98BCAA302C1CB16800919BA5 /* Products */;
			projectDirPath = "";
			projectRoot = "";
			targets = (
				98BCAA2E2C1CB16800919BA5 /* Pedometer */,
				98BCAA3E2C1CB16900919BA5 /* Pedometer Watch App */,
				988330FF2C202F1B00DDB054 /* Pedometer Watch ComplicationsExtension */,
			);
		};
/* End PBXProject section */

/* Begin PBXResourcesBuildPhase section */
		988330FE2C202F1B00DDB054 /* Resources */ = {
			isa = PBXResourcesBuildPhase;
			buildActionMask = 2147483647;
			files = (
				9883310C2C202F1C00DDB054 /* Assets.xcassets in Resources */,
			);
			runOnlyForDeploymentPostprocessing = 0;
		};
		98BCAA2D2C1CB16800919BA5 /* Resources */ = {
			isa = PBXResourcesBuildPhase;
			buildActionMask = 2147483647;
			files = (
				98BCAA3A2C1CB16900919BA5 /* Preview Assets.xcassets in Resources */,
				98BCAA372C1CB16900919BA5 /* Assets.xcassets in Resources */,
			);
			runOnlyForDeploymentPostprocessing = 0;
		};
		98BCAA3D2C1CB16900919BA5 /* Resources */ = {
			isa = PBXResourcesBuildPhase;
			buildActionMask = 2147483647;
			files = (
				98BCAA4C2C1CB16A00919BA5 /* Preview Assets.xcassets in Resources */,
				98BCAA492C1CB16A00919BA5 /* Assets.xcassets in Resources */,
			);
			runOnlyForDeploymentPostprocessing = 0;
		};
/* End PBXResourcesBuildPhase section */

/* Begin PBXSourcesBuildPhase section */
		988330FC2C202F1B00DDB054 /* Sources */ = {
			isa = PBXSourcesBuildPhase;
			buildActionMask = 2147483647;
			files = (
				9883314D2C20546A00DDB054 /* PedometerWidgetProviders.swift in Sources */,
				988331492C20526F00DDB054 /* PedometerWidgets.swift in Sources */,
				988331412C204AB800DDB054 /* HealthKitManager.swift in Sources */,
				988331472C204EC600DDB054 /* DataDisplayView.swift in Sources */,
			);
			runOnlyForDeploymentPostprocessing = 0;
		};
		98BCAA2B2C1CB16800919BA5 /* Sources */ = {
			isa = PBXSourcesBuildPhase;
			buildActionMask = 2147483647;
			files = (
				98BCAA352C1CB16800919BA5 /* ContentView.swift in Sources */,
				98BCAA332C1CB16800919BA5 /* PedometerApp.swift in Sources */,
				9883313F2C204AB800DDB054 /* HealthKitManager.swift in Sources */,
			);
			runOnlyForDeploymentPostprocessing = 0;
		};
		98BCAA3B2C1CB16900919BA5 /* Sources */ = {
			isa = PBXSourcesBuildPhase;
			buildActionMask = 2147483647;
			files = (
				98BCAA472C1CB16900919BA5 /* ContentView.swift in Sources */,
				98BCAA452C1CB16900919BA5 /* PedometerApp.swift in Sources */,
				988331402C204AB800DDB054 /* HealthKitManager.swift in Sources */,
			);
			runOnlyForDeploymentPostprocessing = 0;
		};
/* End PBXSourcesBuildPhase section */

/* Begin PBXTargetDependency section */
		9883310F2C202F1C00DDB054 /* PBXTargetDependency */ = {
			isa = PBXTargetDependency;
			target = 988330FF2C202F1B00DDB054 /* Pedometer Watch ComplicationsExtension */;
			targetProxy = 9883310E2C202F1C00DDB054 /* PBXContainerItemProxy */;
		};
		98BCAA422C1CB16900919BA5 /* PBXTargetDependency */ = {
			isa = PBXTargetDependency;
			target = 98BCAA3E2C1CB16900919BA5 /* Pedometer Watch App */;
			targetProxy = 98BCAA412C1CB16900919BA5 /* PBXContainerItemProxy */;
		};
/* End PBXTargetDependency section */

/* Begin XCBuildConfiguration section */
		988331122C202F1C00DDB054 /* Debug */ = {
			isa = XCBuildConfiguration;
			buildSettings = {
				ASSETCATALOG_COMPILER_GLOBAL_ACCENT_COLOR_NAME = AccentColor;
				ASSETCATALOG_COMPILER_WIDGET_BACKGROUND_COLOR_NAME = WidgetBackground;
				CLANG_ENABLE_MODULES = YES;
				CODE_SIGN_STYLE = Automatic;
				CURRENT_PROJECT_VERSION = 1;
				DEVELOPMENT_TEAM = MPQRSMH4T7;
				GENERATE_INFOPLIST_FILE = YES;
				INFOPLIST_FILE = "Pedometer Watch Complications/Info.plist";
				INFOPLIST_KEY_CFBundleDisplayName = "Pedometer Watch Complications";
				INFOPLIST_KEY_NSHumanReadableCopyright = "";
				LD_RUNPATH_SEARCH_PATHS = (
					"$(inherited)",
					"@executable_path/Frameworks",
					"@executable_path/../../Frameworks",
					"@executable_path/../../../../Frameworks",
				);
				MARKETING_VERSION = 1.0;
				PRODUCT_BUNDLE_IDENTIFIER = "dev.rdh.Pedometer.watchkitapp.Pedometer-Watch-Complications";
				PRODUCT_NAME = "$(TARGET_NAME)";
				SDKROOT = watchos;
				SKIP_INSTALL = YES;
				SWIFT_EMIT_LOC_STRINGS = YES;
				SWIFT_OPTIMIZATION_LEVEL = "-Onone";
				SWIFT_VERSION = 5.0;
				TARGETED_DEVICE_FAMILY = 4;
				WATCHOS_DEPLOYMENT_TARGET = 10.5;
			};
			name = Debug;
		};
		988331132C202F1C00DDB054 /* Release */ = {
			isa = XCBuildConfiguration;
			buildSettings = {
				ASSETCATALOG_COMPILER_GLOBAL_ACCENT_COLOR_NAME = AccentColor;
				ASSETCATALOG_COMPILER_WIDGET_BACKGROUND_COLOR_NAME = WidgetBackground;
				CLANG_ENABLE_MODULES = YES;
				CODE_SIGN_STYLE = Automatic;
				CURRENT_PROJECT_VERSION = 1;
				DEVELOPMENT_TEAM = MPQRSMH4T7;
				GENERATE_INFOPLIST_FILE = YES;
				INFOPLIST_FILE = "Pedometer Watch Complications/Info.plist";
				INFOPLIST_KEY_CFBundleDisplayName = "Pedometer Watch Complications";
				INFOPLIST_KEY_NSHumanReadableCopyright = "";
				LD_RUNPATH_SEARCH_PATHS = (
					"$(inherited)",
					"@executable_path/Frameworks",
					"@executable_path/../../Frameworks",
					"@executable_path/../../../../Frameworks",
				);
				MARKETING_VERSION = 1.0;
				PRODUCT_BUNDLE_IDENTIFIER = "dev.rdh.Pedometer.watchkitapp.Pedometer-Watch-Complications";
				PRODUCT_NAME = "$(TARGET_NAME)";
				SDKROOT = watchos;
				SKIP_INSTALL = YES;
				SWIFT_EMIT_LOC_STRINGS = YES;
				SWIFT_VERSION = 5.0;
				TARGETED_DEVICE_FAMILY = 4;
				VALIDATE_PRODUCT = YES;
				WATCHOS_DEPLOYMENT_TARGET = 10.5;
			};
			name = Release;
		};
		98BCAA4D2C1CB16A00919BA5 /* Debug */ = {
			isa = XCBuildConfiguration;
			buildSettings = {
				ALWAYS_SEARCH_USER_PATHS = NO;
				ASSETCATALOG_COMPILER_GENERATE_SWIFT_ASSET_SYMBOL_EXTENSIONS = YES;
				CLANG_ANALYZER_NONNULL = YES;
				CLANG_ANALYZER_NUMBER_OBJECT_CONVERSION = YES_AGGRESSIVE;
				CLANG_CXX_LANGUAGE_STANDARD = "gnu++20";
				CLANG_ENABLE_MODULES = YES;
				CLANG_ENABLE_OBJC_ARC = YES;
				CLANG_ENABLE_OBJC_WEAK = YES;
				CLANG_WARN_BLOCK_CAPTURE_AUTORELEASING = YES;
				CLANG_WARN_BOOL_CONVERSION = YES;
				CLANG_WARN_COMMA = YES;
				CLANG_WARN_CONSTANT_CONVERSION = YES;
				CLANG_WARN_DEPRECATED_OBJC_IMPLEMENTATIONS = YES;
				CLANG_WARN_DIRECT_OBJC_ISA_USAGE = YES_ERROR;
				CLANG_WARN_DOCUMENTATION_COMMENTS = YES;
				CLANG_WARN_EMPTY_BODY = YES;
				CLANG_WARN_ENUM_CONVERSION = YES;
				CLANG_WARN_INFINITE_RECURSION = YES;
				CLANG_WARN_INT_CONVERSION = YES;
				CLANG_WARN_NON_LITERAL_NULL_CONVERSION = YES;
				CLANG_WARN_OBJC_IMPLICIT_RETAIN_SELF = YES;
				CLANG_WARN_OBJC_LITERAL_CONVERSION = YES;
				CLANG_WARN_OBJC_ROOT_CLASS = YES_ERROR;
				CLANG_WARN_QUOTED_INCLUDE_IN_FRAMEWORK_HEADER = YES;
				CLANG_WARN_RANGE_LOOP_ANALYSIS = YES;
				CLANG_WARN_STRICT_PROTOTYPES = YES;
				CLANG_WARN_SUSPICIOUS_MOVE = YES;
				CLANG_WARN_UNGUARDED_AVAILABILITY = YES_AGGRESSIVE;
				CLANG_WARN_UNREACHABLE_CODE = YES;
				CLANG_WARN__DUPLICATE_METHOD_MATCH = YES;
				COPY_PHASE_STRIP = NO;
				DEBUG_INFORMATION_FORMAT = dwarf;
				ENABLE_STRICT_OBJC_MSGSEND = YES;
				ENABLE_TESTABILITY = YES;
				ENABLE_USER_SCRIPT_SANDBOXING = YES;
				GCC_C_LANGUAGE_STANDARD = gnu17;
				GCC_DYNAMIC_NO_PIC = NO;
				GCC_NO_COMMON_BLOCKS = YES;
				GCC_OPTIMIZATION_LEVEL = 0;
				GCC_PREPROCESSOR_DEFINITIONS = (
					"DEBUG=1",
					"$(inherited)",
				);
				GCC_WARN_64_TO_32_BIT_CONVERSION = YES;
				GCC_WARN_ABOUT_RETURN_TYPE = YES_ERROR;
				GCC_WARN_UNDECLARED_SELECTOR = YES;
				GCC_WARN_UNINITIALIZED_AUTOS = YES_AGGRESSIVE;
				GCC_WARN_UNUSED_FUNCTION = YES;
				GCC_WARN_UNUSED_VARIABLE = YES;
				LOCALIZATION_PREFERS_STRING_CATALOGS = YES;
				MTL_ENABLE_DEBUG_INFO = INCLUDE_SOURCE;
				MTL_FAST_MATH = YES;
				ONLY_ACTIVE_ARCH = YES;
				SWIFT_ACTIVE_COMPILATION_CONDITIONS = "DEBUG $(inherited)";
				SWIFT_OPTIMIZATION_LEVEL = "-Onone";
			};
			name = Debug;
		};
		98BCAA4E2C1CB16A00919BA5 /* Release */ = {
			isa = XCBuildConfiguration;
			buildSettings = {
				ALWAYS_SEARCH_USER_PATHS = NO;
				ASSETCATALOG_COMPILER_GENERATE_SWIFT_ASSET_SYMBOL_EXTENSIONS = YES;
				CLANG_ANALYZER_NONNULL = YES;
				CLANG_ANALYZER_NUMBER_OBJECT_CONVERSION = YES_AGGRESSIVE;
				CLANG_CXX_LANGUAGE_STANDARD = "gnu++20";
				CLANG_ENABLE_MODULES = YES;
				CLANG_ENABLE_OBJC_ARC = YES;
				CLANG_ENABLE_OBJC_WEAK = YES;
				CLANG_WARN_BLOCK_CAPTURE_AUTORELEASING = YES;
				CLANG_WARN_BOOL_CONVERSION = YES;
				CLANG_WARN_COMMA = YES;
				CLANG_WARN_CONSTANT_CONVERSION = YES;
				CLANG_WARN_DEPRECATED_OBJC_IMPLEMENTATIONS = YES;
				CLANG_WARN_DIRECT_OBJC_ISA_USAGE = YES_ERROR;
				CLANG_WARN_DOCUMENTATION_COMMENTS = YES;
				CLANG_WARN_EMPTY_BODY = YES;
				CLANG_WARN_ENUM_CONVERSION = YES;
				CLANG_WARN_INFINITE_RECURSION = YES;
				CLANG_WARN_INT_CONVERSION = YES;
				CLANG_WARN_NON_LITERAL_NULL_CONVERSION = YES;
				CLANG_WARN_OBJC_IMPLICIT_RETAIN_SELF = YES;
				CLANG_WARN_OBJC_LITERAL_CONVERSION = YES;
				CLANG_WARN_OBJC_ROOT_CLASS = YES_ERROR;
				CLANG_WARN_QUOTED_INCLUDE_IN_FRAMEWORK_HEADER = YES;
				CLANG_WARN_RANGE_LOOP_ANALYSIS = YES;
				CLANG_WARN_STRICT_PROTOTYPES = YES;
				CLANG_WARN_SUSPICIOUS_MOVE = YES;
				CLANG_WARN_UNGUARDED_AVAILABILITY = YES_AGGRESSIVE;
				CLANG_WARN_UNREACHABLE_CODE = YES;
				CLANG_WARN__DUPLICATE_METHOD_MATCH = YES;
				COPY_PHASE_STRIP = NO;
				DEBUG_INFORMATION_FORMAT = "dwarf-with-dsym";
				ENABLE_NS_ASSERTIONS = NO;
				ENABLE_STRICT_OBJC_MSGSEND = YES;
				ENABLE_USER_SCRIPT_SANDBOXING = YES;
				GCC_C_LANGUAGE_STANDARD = gnu17;
				GCC_NO_COMMON_BLOCKS = YES;
				GCC_WARN_64_TO_32_BIT_CONVERSION = YES;
				GCC_WARN_ABOUT_RETURN_TYPE = YES_ERROR;
				GCC_WARN_UNDECLARED_SELECTOR = YES;
				GCC_WARN_UNINITIALIZED_AUTOS = YES_AGGRESSIVE;
				GCC_WARN_UNUSED_FUNCTION = YES;
				GCC_WARN_UNUSED_VARIABLE = YES;
				LOCALIZATION_PREFERS_STRING_CATALOGS = YES;
				MTL_ENABLE_DEBUG_INFO = NO;
				MTL_FAST_MATH = YES;
				SWIFT_COMPILATION_MODE = wholemodule;
			};
			name = Release;
		};
		98BCAA502C1CB16A00919BA5 /* Debug */ = {
			isa = XCBuildConfiguration;
			buildSettings = {
				ALWAYS_EMBED_SWIFT_STANDARD_LIBRARIES = YES;
				ASSETCATALOG_COMPILER_APPICON_NAME = AppIcon;
				ASSETCATALOG_COMPILER_GLOBAL_ACCENT_COLOR_NAME = AccentColor;
				CODE_SIGN_ENTITLEMENTS = "Pedometer Watch App/Pedometer Watch App.entitlements";
				CODE_SIGN_STYLE = Automatic;
				CURRENT_PROJECT_VERSION = 1;
				DEVELOPMENT_ASSET_PATHS = "\"Pedometer Watch App/Preview Content\"";
				DEVELOPMENT_TEAM = MPQRSMH4T7;
				ENABLE_PREVIEWS = YES;
				GENERATE_INFOPLIST_FILE = YES;
				INFOPLIST_KEY_CFBundleDisplayName = Pedometer;
				INFOPLIST_KEY_NSHealthShareUsageDescription = "we need access to your health data to show it to you";
				INFOPLIST_KEY_NSHealthUpdateUsageDescription = "we need access to your health data to show it to you";
				INFOPLIST_KEY_UISupportedInterfaceOrientations = "UIInterfaceOrientationPortrait UIInterfaceOrientationPortraitUpsideDown";
				INFOPLIST_KEY_WKCompanionAppBundleIdentifier = dev.rdh.Pedometer;
				INFOPLIST_KEY_WKRunsIndependentlyOfCompanionApp = YES;
				LD_RUNPATH_SEARCH_PATHS = (
					"$(inherited)",
					"@executable_path/Frameworks",
				);
				MARKETING_VERSION = 1.0;
				PRODUCT_BUNDLE_IDENTIFIER = dev.rdh.Pedometer.watchkitapp;
				PRODUCT_NAME = "$(TARGET_NAME)";
				SDKROOT = watchos;
				SKIP_INSTALL = YES;
				SWIFT_EMIT_LOC_STRINGS = YES;
				SWIFT_VERSION = 5.0;
				TARGETED_DEVICE_FAMILY = 4;
				WATCHOS_DEPLOYMENT_TARGET = 10.0;
			};
			name = Debug;
		};
		98BCAA512C1CB16A00919BA5 /* Release */ = {
			isa = XCBuildConfiguration;
			buildSettings = {
				ALWAYS_EMBED_SWIFT_STANDARD_LIBRARIES = YES;
				ASSETCATALOG_COMPILER_APPICON_NAME = AppIcon;
				ASSETCATALOG_COMPILER_GLOBAL_ACCENT_COLOR_NAME = AccentColor;
				CODE_SIGN_ENTITLEMENTS = "Pedometer Watch App/Pedometer Watch App.entitlements";
				CODE_SIGN_STYLE = Automatic;
				CURRENT_PROJECT_VERSION = 1;
				DEVELOPMENT_ASSET_PATHS = "\"Pedometer Watch App/Preview Content\"";
				DEVELOPMENT_TEAM = MPQRSMH4T7;
				ENABLE_PREVIEWS = YES;
				GENERATE_INFOPLIST_FILE = YES;
				INFOPLIST_KEY_CFBundleDisplayName = Pedometer;
				INFOPLIST_KEY_NSHealthShareUsageDescription = "we need access to your health data to show it to you";
				INFOPLIST_KEY_NSHealthUpdateUsageDescription = "we need access to your health data to show it to you";
				INFOPLIST_KEY_UISupportedInterfaceOrientations = "UIInterfaceOrientationPortrait UIInterfaceOrientationPortraitUpsideDown";
				INFOPLIST_KEY_WKCompanionAppBundleIdentifier = dev.rdh.Pedometer;
				INFOPLIST_KEY_WKRunsIndependentlyOfCompanionApp = YES;
				LD_RUNPATH_SEARCH_PATHS = (
					"$(inherited)",
					"@executable_path/Frameworks",
				);
				MARKETING_VERSION = 1.0;
				PRODUCT_BUNDLE_IDENTIFIER = dev.rdh.Pedometer.watchkitapp;
				PRODUCT_NAME = "$(TARGET_NAME)";
				SDKROOT = watchos;
				SKIP_INSTALL = YES;
				SWIFT_EMIT_LOC_STRINGS = YES;
				SWIFT_VERSION = 5.0;
				TARGETED_DEVICE_FAMILY = 4;
				VALIDATE_PRODUCT = YES;
				WATCHOS_DEPLOYMENT_TARGET = 10.0;
			};
			name = Release;
		};
		98BCAA542C1CB16A00919BA5 /* Debug */ = {
			isa = XCBuildConfiguration;
			buildSettings = {
				ALWAYS_EMBED_SWIFT_STANDARD_LIBRARIES = YES;
				ASSETCATALOG_COMPILER_APPICON_NAME = AppIcon;
				ASSETCATALOG_COMPILER_GLOBAL_ACCENT_COLOR_NAME = AccentColor;
				CODE_SIGN_ENTITLEMENTS = Pedometer/Pedometer.entitlements;
				CODE_SIGN_STYLE = Automatic;
				CURRENT_PROJECT_VERSION = 1;
				DEVELOPMENT_ASSET_PATHS = "\"Pedometer/Preview Content\"";
				DEVELOPMENT_TEAM = MPQRSMH4T7;
				ENABLE_PREVIEWS = YES;
				GENERATE_INFOPLIST_FILE = YES;
				INFOPLIST_KEY_CFBundleDisplayName = Pedometer;
				INFOPLIST_KEY_NSHealthShareUsageDescription = "we need access to your health data to show it to you";
				INFOPLIST_KEY_NSHealthUpdateUsageDescription = "we need access to your health data to show it to you";
				INFOPLIST_KEY_UIApplicationSceneManifest_Generation = YES;
				INFOPLIST_KEY_UIApplicationSupportsIndirectInputEvents = YES;
				INFOPLIST_KEY_UILaunchScreen_Generation = YES;
				INFOPLIST_KEY_UISupportedInterfaceOrientations_iPad = "UIInterfaceOrientationPortrait UIInterfaceOrientationPortraitUpsideDown UIInterfaceOrientationLandscapeLeft UIInterfaceOrientationLandscapeRight";
				INFOPLIST_KEY_UISupportedInterfaceOrientations_iPhone = "UIInterfaceOrientationPortrait UIInterfaceOrientationLandscapeLeft UIInterfaceOrientationLandscapeRight";
				IPHONEOS_DEPLOYMENT_TARGET = 17.0;
				LD_RUNPATH_SEARCH_PATHS = (
					"$(inherited)",
					"@executable_path/Frameworks",
				);
				MARKETING_VERSION = 1.0;
				PRODUCT_BUNDLE_IDENTIFIER = dev.rdh.Pedometer;
				PRODUCT_NAME = "$(TARGET_NAME)";
				SDKROOT = iphoneos;
				SUPPORTED_PLATFORMS = "iphoneos iphonesimulator";
				SUPPORTS_MACCATALYST = NO;
				SUPPORTS_MAC_DESIGNED_FOR_IPHONE_IPAD = NO;
				SUPPORTS_XR_DESIGNED_FOR_IPHONE_IPAD = NO;
				SWIFT_EMIT_LOC_STRINGS = YES;
				SWIFT_VERSION = 5.0;
				TARGETED_DEVICE_FAMILY = 1;
			};
			name = Debug;
		};
		98BCAA552C1CB16A00919BA5 /* Release */ = {
			isa = XCBuildConfiguration;
			buildSettings = {
				ALWAYS_EMBED_SWIFT_STANDARD_LIBRARIES = YES;
				ASSETCATALOG_COMPILER_APPICON_NAME = AppIcon;
				ASSETCATALOG_COMPILER_GLOBAL_ACCENT_COLOR_NAME = AccentColor;
				CODE_SIGN_ENTITLEMENTS = Pedometer/Pedometer.entitlements;
				CODE_SIGN_STYLE = Automatic;
				CURRENT_PROJECT_VERSION = 1;
				DEVELOPMENT_ASSET_PATHS = "\"Pedometer/Preview Content\"";
				DEVELOPMENT_TEAM = MPQRSMH4T7;
				ENABLE_PREVIEWS = YES;
				GENERATE_INFOPLIST_FILE = YES;
				INFOPLIST_KEY_CFBundleDisplayName = Pedometer;
				INFOPLIST_KEY_NSHealthShareUsageDescription = "we need access to your health data to show it to you";
				INFOPLIST_KEY_NSHealthUpdateUsageDescription = "we need access to your health data to show it to you";
				INFOPLIST_KEY_UIApplicationSceneManifest_Generation = YES;
				INFOPLIST_KEY_UIApplicationSupportsIndirectInputEvents = YES;
				INFOPLIST_KEY_UILaunchScreen_Generation = YES;
				INFOPLIST_KEY_UISupportedInterfaceOrientations_iPad = "UIInterfaceOrientationPortrait UIInterfaceOrientationPortraitUpsideDown UIInterfaceOrientationLandscapeLeft UIInterfaceOrientationLandscapeRight";
				INFOPLIST_KEY_UISupportedInterfaceOrientations_iPhone = "UIInterfaceOrientationPortrait UIInterfaceOrientationLandscapeLeft UIInterfaceOrientationLandscapeRight";
				IPHONEOS_DEPLOYMENT_TARGET = 17.0;
				LD_RUNPATH_SEARCH_PATHS = (
					"$(inherited)",
					"@executable_path/Frameworks",
				);
				MARKETING_VERSION = 1.0;
				PRODUCT_BUNDLE_IDENTIFIER = dev.rdh.Pedometer;
				PRODUCT_NAME = "$(TARGET_NAME)";
				SDKROOT = iphoneos;
				SUPPORTED_PLATFORMS = "iphoneos iphonesimulator";
				SUPPORTS_MACCATALYST = NO;
				SUPPORTS_MAC_DESIGNED_FOR_IPHONE_IPAD = NO;
				SUPPORTS_XR_DESIGNED_FOR_IPHONE_IPAD = NO;
				SWIFT_EMIT_LOC_STRINGS = YES;
				SWIFT_VERSION = 5.0;
				TARGETED_DEVICE_FAMILY = 1;
				VALIDATE_PRODUCT = YES;
			};
			name = Release;
		};
/* End XCBuildConfiguration section */

/* Begin XCConfigurationList section */
		988331142C202F1C00DDB054 /* Build configuration list for PBXNativeTarget "Pedometer Watch ComplicationsExtension" */ = {
			isa = XCConfigurationList;
			buildConfigurations = (
				988331122C202F1C00DDB054 /* Debug */,
				988331132C202F1C00DDB054 /* Release */,
			);
			defaultConfigurationIsVisible = 0;
			defaultConfigurationName = Release;
		};
		98BCAA2A2C1CB16800919BA5 /* Build configuration list for PBXProject "Pedometer" */ = {
			isa = XCConfigurationList;
			buildConfigurations = (
				98BCAA4D2C1CB16A00919BA5 /* Debug */,
				98BCAA4E2C1CB16A00919BA5 /* Release */,
			);
			defaultConfigurationIsVisible = 0;
			defaultConfigurationName = Release;
		};
		98BCAA4F2C1CB16A00919BA5 /* Build configuration list for PBXNativeTarget "Pedometer Watch App" */ = {
			isa = XCConfigurationList;
			buildConfigurations = (
				98BCAA502C1CB16A00919BA5 /* Debug */,
				98BCAA512C1CB16A00919BA5 /* Release */,
			);
			defaultConfigurationIsVisible = 0;
			defaultConfigurationName = Release;
		};
		98BCAA532C1CB16A00919BA5 /* Build configuration list for PBXNativeTarget "Pedometer" */ = {
			isa = XCConfigurationList;
			buildConfigurations = (
				98BCAA542C1CB16A00919BA5 /* Debug */,
				98BCAA552C1CB16A00919BA5 /* Release */,
			);
			defaultConfigurationIsVisible = 0;
			defaultConfigurationName = Release;
		};
/* End XCConfigurationList section */
	};
	rootObject = 98BCAA272C1CB16800919BA5 /* Project object */;
}
